
Microsoft Visual Studio Solution File, Format Version 12.00
# Visual Studio Version 16
VisualStudioVersion = 16.0.30804.86
MinimumVisualStudioVersion = 10.0.40219.1
Project("{FAE04EC0-301F-11D3-BF4B-00C04F79EFBC}") = "CSharpOnline", "CSharpOnline.csproj", "{DA512F01-50EA-498C-A2D2-A5853AF8F35C}"
EndProject
Global
	GlobalSection(SolutionConfigurationPlatforms) = preSolution
		Debug|Any CPU = Debug|Any CPU
		Release|Any CPU = Release|Any CPU
	EndGlobalSection
	GlobalSection(ProjectConfigurationPlatforms) = postSolution
		{DA512F01-50EA-498C-A2D2-A5853AF8F35C}.Debug|Any CPU.ActiveCfg = Debug|Any CPU
		{DA512F01-50EA-498C-A2D2-A5853AF8F35C}.Debug|Any CPU.Build.0 = Debug|Any CPU
		{DA512F01-50EA-498C-A2D2-A5853AF8F35C}.Release|Any CPU.ActiveCfg = Release|Any CPU
		{DA512F01-50EA-498C-A2D2-A5853AF8F35C}.Release|Any CPU.Build.0 = Release|Any CPU
	EndGlobalSection
	GlobalSection(SolutionProperties) = preSolution
		HideSolutionNode = FALSE
	EndGlobalSection
	GlobalSection(ExtensibilityGlobals) = postSolution
		SolutionGuid = {C2CFA4F5-6080-45FA-A9DE-6399F13383FC}
	EndGlobalSection
EndGlobal
